
Microsoft Visual Studio Solution File, Format Version 12.00
# Visual Studio Version 17
VisualStudioVersion = 17.3.32929.385
MinimumVisualStudioVersion = 10.0.40219.1
Project("{FAE04EC0-301F-11D3-BF4B-00C04F79EFBC}") = "Task 56", "Task 56.csproj", "{FB1E2A4D-C268-4F2B-822A-DEC1EA64F0DE}"
EndProject
Global
	GlobalSection(SolutionConfigurationPlatforms) = preSolution
		Debug|Any CPU = Debug|Any CPU
		Release|Any CPU = Release|Any CPU
	EndGlobalSection
	GlobalSection(ProjectConfigurationPlatforms) = postSolution
		{FB1E2A4D-C268-4F2B-822A-DEC1EA64F0DE}.Debug|Any CPU.ActiveCfg = Debug|Any CPU
		{FB1E2A4D-C268-4F2B-822A-DEC1EA64F0DE}.Debug|Any CPU.Build.0 = Debug|Any CPU
		{FB1E2A4D-C268-4F2B-822A-DEC1EA64F0DE}.Release|Any CPU.ActiveCfg = Release|Any CPU
		{FB1E2A4D-C268-4F2B-822A-DEC1EA64F0DE}.Release|Any CPU.Build.0 = Release|Any CPU
	EndGlobalSection
	GlobalSection(SolutionProperties) = preSolution
		HideSolutionNode = FALSE
	EndGlobalSection
	GlobalSection(ExtensibilityGlobals) = postSolution
		SolutionGuid = {615BCDD6-AC01-4C34-A6D2-F31B80456C35}
	EndGlobalSection
EndGlobal
